
Microsoft Visual Studio Solution File, Format Version 12.00
# Visual Studio Version 17
VisualStudioVersion = 17.0.31903.59
MinimumVisualStudioVersion = 10.0.40219.1
Project("{FAE04EC0-301F-11D3-BF4B-00C04F79EFBC}") = "Serenity.Web", "src\Web\Serenity.Web.csproj", "{D4E4FA05-3471-4D9A-BAE3-7A325827F66D}"
EndProject
Project("{FAE04EC0-301F-11D3-BF4B-00C04F79EFBC}") = "Serenity.Application", "src\Application\Serenity.Application.csproj", "{D00A43F4-7594-467A-AE20-5EBF34B4A3A0}"
EndProject
Project("{FAE04EC0-301F-11D3-BF4B-00C04F79EFBC}") = "Serenity.Infrastructure", "src\Infrastructure\Serenity.Infrastructure.csproj", "{120611CF-5572-425A-A775-E82AB8972049}"
EndProject
Project("{FAE04EC0-301F-11D3-BF4B-00C04F79EFBC}") = "Serenity.Domain", "src\Domain\Serenity.Domain.csproj", "{A8C31909-966A-4058-AACF-D4CF28133856}"
EndProject
Global
	GlobalSection(SolutionProperties) = preSolution
		HideSolutionNode = FALSE
	EndGlobalSection
	GlobalSection(SolutionConfigurationPlatforms) = preSolution
		Debug|Any CPU = Debug|Any CPU
		Debug|x64 = Debug|x64
		Debug|x86 = Debug|x86
		Release|Any CPU = Release|Any CPU
		Release|x64 = Release|x64
		Release|x86 = Release|x86
	EndGlobalSection
	GlobalSection(ProjectConfigurationPlatforms) = postSolution
		{D4E4FA05-3471-4D9A-BAE3-7A325827F66D}.Debug|Any CPU.ActiveCfg = Debug|Any CPU
		{D4E4FA05-3471-4D9A-BAE3-7A325827F66D}.Debug|Any CPU.Build.0 = Debug|Any CPU
		{D4E4FA05-3471-4D9A-BAE3-7A325827F66D}.Debug|x64.ActiveCfg = Debug|Any CPU
		{D4E4FA05-3471-4D9A-BAE3-7A325827F66D}.Debug|x64.Build.0 = Debug|Any CPU
		{D4E4FA05-3471-4D9A-BAE3-7A325827F66D}.Debug|x86.ActiveCfg = Debug|Any CPU
		{D4E4FA05-3471-4D9A-BAE3-7A325827F66D}.Debug|x86.Build.0 = Debug|Any CPU
		{D4E4FA05-3471-4D9A-BAE3-7A325827F66D}.Release|Any CPU.ActiveCfg = Release|Any CPU
		{D4E4FA05-3471-4D9A-BAE3-7A325827F66D}.Release|Any CPU.Build.0 = Release|Any CPU
		{D4E4FA05-3471-4D9A-BAE3-7A325827F66D}.Release|x64.ActiveCfg = Release|Any CPU
		{D4E4FA05-3471-4D9A-BAE3-7A325827F66D}.Release|x64.Build.0 = Release|Any CPU
		{D4E4FA05-3471-4D9A-BAE3-7A325827F66D}.Release|x86.ActiveCfg = Release|Any CPU
		{D4E4FA05-3471-4D9A-BAE3-7A325827F66D}.Release|x86.Build.0 = Release|Any CPU
		{D00A43F4-7594-467A-AE20-5EBF34B4A3A0}.Debug|Any CPU.ActiveCfg = Debug|Any CPU
		{D00A43F4-7594-467A-AE20-5EBF34B4A3A0}.Debug|Any CPU.Build.0 = Debug|Any CPU
		{D00A43F4-7594-467A-AE20-5EBF34B4A3A0}.Debug|x64.ActiveCfg = Debug|Any CPU
		{D00A43F4-7594-467A-AE20-5EBF34B4A3A0}.Debug|x64.Build.0 = Debug|Any CPU
		{D00A43F4-7594-467A-AE20-5EBF34B4A3A0}.Debug|x86.ActiveCfg = Debug|Any CPU
		{D00A43F4-7594-467A-AE20-5EBF34B4A3A0}.Debug|x86.Build.0 = Debug|Any CPU
		{D00A43F4-7594-467A-AE20-5EBF34B4A3A0}.Release|Any CPU.ActiveCfg = Release|Any CPU
		{D00A43F4-7594-467A-AE20-5EBF34B4A3A0}.Release|Any CPU.Build.0 = Release|Any CPU
		{D00A43F4-7594-467A-AE20-5EBF34B4A3A0}.Release|x64.ActiveCfg = Release|Any CPU
		{D00A43F4-7594-467A-AE20-5EBF34B4A3A0}.Release|x64.Build.0 = Release|Any CPU
		{D00A43F4-7594-467A-AE20-5EBF34B4A3A0}.Release|x86.ActiveCfg = Release|Any CPU
		{D00A43F4-7594-467A-AE20-5EBF34B4A3A0}.Release|x86.Build.0 = Release|Any CPU
		{120611CF-5572-425A-A775-E82AB8972049}.Debug|Any CPU.ActiveCfg = Debug|Any CPU
		{120611CF-5572-425A-A775-E82AB8972049}.Debug|Any CPU.Build.0 = Debug|Any CPU
		{120611CF-5572-425A-A775-E82AB8972049}.Debug|x64.ActiveCfg = Debug|Any CPU
		{120611CF-5572-425A-A775-E82AB8972049}.Debug|x64.Build.0 = Debug|Any CPU
		{120611CF-5572-425A-A775-E82AB8972049}.Debug|x86.ActiveCfg = Debug|Any CPU
		{120611CF-5572-425A-A775-E82AB8972049}.Debug|x86.Build.0 = Debug|Any CPU
		{120611CF-5572-425A-A775-E82AB8972049}.Release|Any CPU.ActiveCfg = Release|Any CPU
		{120611CF-5572-425A-A775-E82AB8972049}.Release|Any CPU.Build.0 = Release|Any CPU
		{120611CF-5572-425A-A775-E82AB8972049}.Release|x64.ActiveCfg = Release|Any CPU
		{120611CF-5572-425A-A775-E82AB8972049}.Release|x64.Build.0 = Release|Any CPU
		{120611CF-5572-425A-A775-E82AB8972049}.Release|x86.ActiveCfg = Release|Any CPU
		{120611CF-5572-425A-A775-E82AB8972049}.Release|x86.Build.0 = Release|Any CPU
		{A8C31909-966A-4058-AACF-D4CF28133856}.Debug|Any CPU.ActiveCfg = Debug|Any CPU
		{A8C31909-966A-4058-AACF-D4CF28133856}.Debug|Any CPU.Build.0 = Debug|Any CPU
		{A8C31909-966A-4058-AACF-D4CF28133856}.Debug|x64.ActiveCfg = Debug|Any CPU
		{A8C31909-966A-4058-AACF-D4CF28133856}.Debug|x64.Build.0 = Debug|Any CPU
		{A8C31909-966A-4058-AACF-D4CF28133856}.Debug|x86.ActiveCfg = Debug|Any CPU
		{A8C31909-966A-4058-AACF-D4CF28133856}.Debug|x86.Build.0 = Debug|Any CPU
		{A8C31909-966A-4058-AACF-D4CF28133856}.Release|Any CPU.ActiveCfg = Release|Any CPU
		{A8C31909-966A-4058-AACF-D4CF28133856}.Release|Any CPU.Build.0 = Release|Any CPU
		{A8C31909-966A-4058-AACF-D4CF28133856}.Release|x64.ActiveCfg = Release|Any CPU
		{A8C31909-966A-4058-AACF-D4CF28133856}.Release|x64.Build.0 = Release|Any CPU
		{A8C31909-966A-4058-AACF-D4CF28133856}.Release|x86.ActiveCfg = Release|Any CPU
		{A8C31909-966A-4058-AACF-D4CF28133856}.Release|x86.Build.0 = Release|Any CPU
	EndGlobalSection
	GlobalSection(NestedProjects) = preSolution
		{D4E4FA05-3471-4D9A-BAE3-7A325827F66D} = {198127CC-057F-413D-939A-E2E99156F69C}
		{D00A43F4-7594-467A-AE20-5EBF34B4A3A0} = {198127CC-057F-413D-939A-E2E99156F69C}
		{120611CF-5572-425A-A775-E82AB8972049} = {198127CC-057F-413D-939A-E2E99156F69C}
		{A8C31909-966A-4058-AACF-D4CF28133856} = {198127CC-057F-413D-939A-E2E99156F69C}
	EndGlobalSection
EndGlobal
